{
  "object": {
    "pins": [
      {
        "package": "Fluxus",
        "repositoryURL": "https://github.com/johnsusek/fluxus",
        "state": {
          "branch": "master",
          "revision": "2041b2c82a3e9af7de034bae93d4fddadbdea378",
          "version": null
        }
      }
    ]
  },
  "version": 1
}
