{
  "object": {
    "pins": [
      {
        "package": "Fluxus",
        "repositoryURL": "https://github.com/johnsusek/fluxus",
        "state": {
          "branch": "master",
          "revision": "5661db6b736425fa19f88a02e387603d48e94397",
          "version": null
        }
      }
    ]
  },
  "version": 1
}
