// !$*UTF8*$!
{
	archiveVersion = 1;
	classes = {
	};
	objectVersion = 52;
	objects = {

/* Begin PBXBuildFile section */
		521DA32122B2E59400DB5BBF /* AppDelegate.swift in Sources */ = {isa = PBXBuildFile; fileRef = 521DA32022B2E59400DB5BBF /* AppDelegate.swift */; };
		521DA32322B2E59400DB5BBF /* SceneDelegate.swift in Sources */ = {isa = PBXBuildFile; fileRef = 521DA32222B2E59400DB5BBF /* SceneDelegate.swift */; };
		521DA32522B2E59400DB5BBF /* ContentView.swift in Sources */ = {isa = PBXBuildFile; fileRef = 521DA32422B2E59400DB5BBF /* ContentView.swift */; };
		521DA32722B2E59500DB5BBF /* Assets.xcassets in Resources */ = {isa = PBXBuildFile; fileRef = 521DA32622B2E59500DB5BBF /* Assets.xcassets */; };
		521DA32A22B2E59500DB5BBF /* Preview Assets.xcassets in Resources */ = {isa = PBXBuildFile; fileRef = 521DA32922B2E59500DB5BBF /* Preview Assets.xcassets */; };
		521DA32D22B2E59500DB5BBF /* LaunchScreen.storyboard in Resources */ = {isa = PBXBuildFile; fileRef = 521DA32B22B2E59500DB5BBF /* LaunchScreen.storyboard */; };
		521DA34022B2E76B00DB5BBF /* Fluxus in Frameworks */ = {isa = PBXBuildFile; productRef = 521DA33F22B2E76B00DB5BBF /* Fluxus */; };
		5259962822B6F03B001D8B4B /* State.swift in Sources */ = {isa = PBXBuildFile; fileRef = 5259962422B6F03B001D8B4B /* State.swift */; };
		5259962922B6F03B001D8B4B /* Store.swift in Sources */ = {isa = PBXBuildFile; fileRef = 5259962522B6F03B001D8B4B /* Store.swift */; };
		5259962A22B6F03B001D8B4B /* Actions.swift in Sources */ = {isa = PBXBuildFile; fileRef = 5259962622B6F03B001D8B4B /* Actions.swift */; };
		5259962B22B6F03B001D8B4B /* Mutations.swift in Sources */ = {isa = PBXBuildFile; fileRef = 5259962722B6F03B001D8B4B /* Mutations.swift */; };
		5259962D22B6F072001D8B4B /* Dispatchers.swift in Sources */ = {isa = PBXBuildFile; fileRef = 5259962C22B6F072001D8B4B /* Dispatchers.swift */; };
		5259962F22B6F0AF001D8B4B /* Committers.swift in Sources */ = {isa = PBXBuildFile; fileRef = 5259962E22B6F0AF001D8B4B /* Committers.swift */; };
/* End PBXBuildFile section */

/* Begin PBXFileReference section */
		521DA31D22B2E59400DB5BBF /* FluxusExampleApp.app */ = {isa = PBXFileReference; explicitFileType = wrapper.application; includeInIndex = 0; path = FluxusExampleApp.app; sourceTree = BUILT_PRODUCTS_DIR; };
		521DA32022B2E59400DB5BBF /* AppDelegate.swift */ = {isa = PBXFileReference; lastKnownFileType = sourcecode.swift; path = AppDelegate.swift; sourceTree = "<group>"; };
		521DA32222B2E59400DB5BBF /* SceneDelegate.swift */ = {isa = PBXFileReference; lastKnownFileType = sourcecode.swift; path = SceneDelegate.swift; sourceTree = "<group>"; };
		521DA32422B2E59400DB5BBF /* ContentView.swift */ = {isa = PBXFileReference; lastKnownFileType = sourcecode.swift; path = ContentView.swift; sourceTree = "<group>"; };
		521DA32622B2E59500DB5BBF /* Assets.xcassets */ = {isa = PBXFileReference; lastKnownFileType = folder.assetcatalog; path = Assets.xcassets; sourceTree = "<group>"; };
		521DA32922B2E59500DB5BBF /* Preview Assets.xcassets */ = {isa = PBXFileReference; lastKnownFileType = folder.assetcatalog; path = "Preview Assets.xcassets"; sourceTree = "<group>"; };
		521DA32C22B2E59500DB5BBF /* Base */ = {isa = PBXFileReference; lastKnownFileType = file.storyboard; name = Base; path = Base.lproj/LaunchScreen.storyboard; sourceTree = "<group>"; };
		521DA32E22B2E59500DB5BBF /* Info.plist */ = {isa = PBXFileReference; lastKnownFileType = text.plist.xml; path = Info.plist; sourceTree = "<group>"; };
		5259962422B6F03B001D8B4B /* State.swift */ = {isa = PBXFileReference; fileEncoding = 4; lastKnownFileType = sourcecode.swift; path = State.swift; sourceTree = "<group>"; };
		5259962522B6F03B001D8B4B /* Store.swift */ = {isa = PBXFileReference; fileEncoding = 4; lastKnownFileType = sourcecode.swift; path = Store.swift; sourceTree = "<group>"; };
		5259962622B6F03B001D8B4B /* Actions.swift */ = {isa = PBXFileReference; fileEncoding = 4; lastKnownFileType = sourcecode.swift; path = Actions.swift; sourceTree = "<group>"; };
		5259962722B6F03B001D8B4B /* Mutations.swift */ = {isa = PBXFileReference; fileEncoding = 4; lastKnownFileType = sourcecode.swift; path = Mutations.swift; sourceTree = "<group>"; };
		5259962C22B6F072001D8B4B /* Dispatchers.swift */ = {isa = PBXFileReference; lastKnownFileType = sourcecode.swift; path = Dispatchers.swift; sourceTree = "<group>"; };
		5259962E22B6F0AF001D8B4B /* Committers.swift */ = {isa = PBXFileReference; lastKnownFileType = sourcecode.swift; path = Committers.swift; sourceTree = "<group>"; };
/* End PBXFileReference section */

/* Begin PBXFrameworksBuildPhase section */
		521DA31A22B2E59400DB5BBF /* Frameworks */ = {
			isa = PBXFrameworksBuildPhase;
			buildActionMask = 2147483647;
			files = (
				521DA34022B2E76B00DB5BBF /* Fluxus in Frameworks */,
			);
			runOnlyForDeploymentPostprocessing = 0;
		};
/* End PBXFrameworksBuildPhase section */

/* Begin PBXGroup section */
		521DA31422B2E59400DB5BBF = {
			isa = PBXGroup;
			children = (
				521DA31F22B2E59400DB5BBF /* FluxusExampleApp */,
				521DA31E22B2E59400DB5BBF /* Products */,
			);
			sourceTree = "<group>";
		};
		521DA31E22B2E59400DB5BBF /* Products */ = {
			isa = PBXGroup;
			children = (
				521DA31D22B2E59400DB5BBF /* FluxusExampleApp.app */,
			);
			name = Products;
			sourceTree = "<group>";
		};
		521DA31F22B2E59400DB5BBF /* FluxusExampleApp */ = {
			isa = PBXGroup;
			children = (
				521DA33522B2E64F00DB5BBF /* Store */,
				521DA33422B2E60B00DB5BBF /* Views */,
				521DA32022B2E59400DB5BBF /* AppDelegate.swift */,
				521DA32222B2E59400DB5BBF /* SceneDelegate.swift */,
				521DA32E22B2E59500DB5BBF /* Info.plist */,
				521DA35122B2EBC200DB5BBF /* Support Files */,
				521DA32822B2E59500DB5BBF /* Preview Content */,
			);
			path = FluxusExampleApp;
			sourceTree = "<group>";
		};
		521DA32822B2E59500DB5BBF /* Preview Content */ = {
			isa = PBXGroup;
			children = (
				521DA32922B2E59500DB5BBF /* Preview Assets.xcassets */,
			);
			path = "Preview Content";
			sourceTree = "<group>";
		};
		521DA33422B2E60B00DB5BBF /* Views */ = {
			isa = PBXGroup;
			children = (
				521DA32422B2E59400DB5BBF /* ContentView.swift */,
			);
			path = Views;
			sourceTree = "<group>";
		};
		521DA33522B2E64F00DB5BBF /* Store */ = {
			isa = PBXGroup;
			children = (
				5259962522B6F03B001D8B4B /* Store.swift */,
				5259962422B6F03B001D8B4B /* State.swift */,
				5259962722B6F03B001D8B4B /* Mutations.swift */,
				5259962E22B6F0AF001D8B4B /* Committers.swift */,
				5259962622B6F03B001D8B4B /* Actions.swift */,
				5259962C22B6F072001D8B4B /* Dispatchers.swift */,
			);
			path = Store;
			sourceTree = "<group>";
		};
		521DA35122B2EBC200DB5BBF /* Support Files */ = {
			isa = PBXGroup;
			children = (
				521DA32622B2E59500DB5BBF /* Assets.xcassets */,
				521DA32B22B2E59500DB5BBF /* LaunchScreen.storyboard */,
			);
			path = "Support Files";
			sourceTree = "<group>";
		};
/* End PBXGroup section */

/* Begin PBXNativeTarget section */
		521DA31C22B2E59400DB5BBF /* FluxusExampleApp */ = {
			isa = PBXNativeTarget;
			buildConfigurationList = 521DA33122B2E59500DB5BBF /* Build configuration list for PBXNativeTarget "FluxusExampleApp" */;
			buildPhases = (
				521DA31922B2E59400DB5BBF /* Sources */,
				521DA31A22B2E59400DB5BBF /* Frameworks */,
				521DA31B22B2E59400DB5BBF /* Resources */,
			);
			buildRules = (
			);
			dependencies = (
			);
			name = FluxusExampleApp;
			packageProductDependencies = (
				521DA33F22B2E76B00DB5BBF /* Fluxus */,
			);
			productName = FluxusExampleApp;
			productReference = 521DA31D22B2E59400DB5BBF /* FluxusExampleApp.app */;
			productType = "com.apple.product-type.application";
		};
/* End PBXNativeTarget section */

/* Begin PBXProject section */
		521DA31522B2E59400DB5BBF /* Project object */ = {
			isa = PBXProject;
			attributes = {
				LastSwiftUpdateCheck = 1100;
				LastUpgradeCheck = 1100;
				ORGANIZATIONNAME = "John Susek";
				TargetAttributes = {
					521DA31C22B2E59400DB5BBF = {
						CreatedOnToolsVersion = 11.0;
					};
				};
			};
			buildConfigurationList = 521DA31822B2E59400DB5BBF /* Build configuration list for PBXProject "FluxusExampleApp" */;
			compatibilityVersion = "Xcode 9.3";
			developmentRegion = en;
			hasScannedForEncodings = 0;
			knownRegions = (
				en,
				Base,
			);
			mainGroup = 521DA31422B2E59400DB5BBF;
			packageReferences = (
				521DA33E22B2E76B00DB5BBF /* XCRemoteSwiftPackageReference "fluxus" */,
			);
			productRefGroup = 521DA31E22B2E59400DB5BBF /* Products */;
			projectDirPath = "";
			projectRoot = "";
			targets = (
				521DA31C22B2E59400DB5BBF /* FluxusExampleApp */,
			);
		};
/* End PBXProject section */

/* Begin PBXResourcesBuildPhase section */
		521DA31B22B2E59400DB5BBF /* Resources */ = {
			isa = PBXResourcesBuildPhase;
			buildActionMask = 2147483647;
			files = (
				521DA32D22B2E59500DB5BBF /* LaunchScreen.storyboard in Resources */,
				521DA32A22B2E59500DB5BBF /* Preview Assets.xcassets in Resources */,
				521DA32722B2E59500DB5BBF /* Assets.xcassets in Resources */,
			);
			runOnlyForDeploymentPostprocessing = 0;
		};
/* End PBXResourcesBuildPhase section */

/* Begin PBXSourcesBuildPhase section */
		521DA31922B2E59400DB5BBF /* Sources */ = {
			isa = PBXSourcesBuildPhase;
			buildActionMask = 2147483647;
			files = (
				5259962F22B6F0AF001D8B4B /* Committers.swift in Sources */,
				5259962A22B6F03B001D8B4B /* Actions.swift in Sources */,
				5259962922B6F03B001D8B4B /* Store.swift in Sources */,
				521DA32122B2E59400DB5BBF /* AppDelegate.swift in Sources */,
				521DA32322B2E59400DB5BBF /* SceneDelegate.swift in Sources */,
				521DA32522B2E59400DB5BBF /* ContentView.swift in Sources */,
				5259962822B6F03B001D8B4B /* State.swift in Sources */,
				5259962D22B6F072001D8B4B /* Dispatchers.swift in Sources */,
				5259962B22B6F03B001D8B4B /* Mutations.swift in Sources */,
			);
			runOnlyForDeploymentPostprocessing = 0;
		};
/* End PBXSourcesBuildPhase section */

/* Begin PBXVariantGroup section */
		521DA32B22B2E59500DB5BBF /* LaunchScreen.storyboard */ = {
			isa = PBXVariantGroup;
			children = (
				521DA32C22B2E59500DB5BBF /* Base */,
			);
			name = LaunchScreen.storyboard;
			sourceTree = "<group>";
		};
/* End PBXVariantGroup section */

/* Begin XCBuildConfiguration section */
		521DA32F22B2E59500DB5BBF /* Debug */ = {
			isa = XCBuildConfiguration;
			buildSettings = {
				ALWAYS_SEARCH_USER_PATHS = NO;
				CLANG_ANALYZER_NONNULL = YES;
				CLANG_ANALYZER_NUMBER_OBJECT_CONVERSION = YES_AGGRESSIVE;
				CLANG_CXX_LANGUAGE_STANDARD = "gnu++14";
				CLANG_CXX_LIBRARY = "libc++";
				CLANG_ENABLE_MODULES = YES;
				CLANG_ENABLE_OBJC_ARC = YES;
				CLANG_ENABLE_OBJC_WEAK = YES;
				CLANG_WARN_BLOCK_CAPTURE_AUTORELEASING = YES;
				CLANG_WARN_BOOL_CONVERSION = YES;
				CLANG_WARN_COMMA = YES;
				CLANG_WARN_CONSTANT_CONVERSION = YES;
				CLANG_WARN_DEPRECATED_OBJC_IMPLEMENTATIONS = YES;
				CLANG_WARN_DIRECT_OBJC_ISA_USAGE = YES_ERROR;
				CLANG_WARN_DOCUMENTATION_COMMENTS = YES;
				CLANG_WARN_EMPTY_BODY = YES;
				CLANG_WARN_ENUM_CONVERSION = YES;
				CLANG_WARN_INFINITE_RECURSION = YES;
				CLANG_WARN_INT_CONVERSION = YES;
				CLANG_WARN_NON_LITERAL_NULL_CONVERSION = YES;
				CLANG_WARN_OBJC_IMPLICIT_RETAIN_SELF = YES;
				CLANG_WARN_OBJC_LITERAL_CONVERSION = YES;
				CLANG_WARN_OBJC_ROOT_CLASS = YES_ERROR;
				CLANG_WARN_RANGE_LOOP_ANALYSIS = YES;
				CLANG_WARN_STRICT_PROTOTYPES = YES;
				CLANG_WARN_SUSPICIOUS_MOVE = YES;
				CLANG_WARN_UNGUARDED_AVAILABILITY = YES_AGGRESSIVE;
				CLANG_WARN_UNREACHABLE_CODE = YES;
				CLANG_WARN__DUPLICATE_METHOD_MATCH = YES;
				COPY_PHASE_STRIP = NO;
				DEBUG_INFORMATION_FORMAT = dwarf;
				ENABLE_STRICT_OBJC_MSGSEND = YES;
				ENABLE_TESTABILITY = YES;
				GCC_C_LANGUAGE_STANDARD = gnu11;
				GCC_DYNAMIC_NO_PIC = NO;
				GCC_NO_COMMON_BLOCKS = YES;
				GCC_OPTIMIZATION_LEVEL = 0;
				GCC_PREPROCESSOR_DEFINITIONS = (
					"DEBUG=1",
					"$(inherited)",
				);
				GCC_WARN_64_TO_32_BIT_CONVERSION = YES;
				GCC_WARN_ABOUT_RETURN_TYPE = YES_ERROR;
				GCC_WARN_UNDECLARED_SELECTOR = YES;
				GCC_WARN_UNINITIALIZED_AUTOS = YES_AGGRESSIVE;
				GCC_WARN_UNUSED_FUNCTION = YES;
				GCC_WARN_UNUSED_VARIABLE = YES;
				IPHONEOS_DEPLOYMENT_TARGET = 13.0;
				MTL_ENABLE_DEBUG_INFO = INCLUDE_SOURCE;
				MTL_FAST_MATH = YES;
				ONLY_ACTIVE_ARCH = YES;
				SDKROOT = iphoneos;
				SWIFT_ACTIVE_COMPILATION_CONDITIONS = DEBUG;
				SWIFT_OPTIMIZATION_LEVEL = "-Onone";
			};
			name = Debug;
		};
		521DA33022B2E59500DB5BBF /* Release */ = {
			isa = XCBuildConfiguration;
			buildSettings = {
				ALWAYS_SEARCH_USER_PATHS = NO;
				CLANG_ANALYZER_NONNULL = YES;
				CLANG_ANALYZER_NUMBER_OBJECT_CONVERSION = YES_AGGRESSIVE;
				CLANG_CXX_LANGUAGE_STANDARD = "gnu++14";
				CLANG_CXX_LIBRARY = "libc++";
				CLANG_ENABLE_MODULES = YES;
				CLANG_ENABLE_OBJC_ARC = YES;
				CLANG_ENABLE_OBJC_WEAK = YES;
				CLANG_WARN_BLOCK_CAPTURE_AUTORELEASING = YES;
				CLANG_WARN_BOOL_CONVERSION = YES;
				CLANG_WARN_COMMA = YES;
				CLANG_WARN_CONSTANT_CONVERSION = YES;
				CLANG_WARN_DEPRECATED_OBJC_IMPLEMENTATIONS = YES;
				CLANG_WARN_DIRECT_OBJC_ISA_USAGE = YES_ERROR;
				CLANG_WARN_DOCUMENTATION_COMMENTS = YES;
				CLANG_WARN_EMPTY_BODY = YES;
				CLANG_WARN_ENUM_CONVERSION = YES;
				CLANG_WARN_INFINITE_RECURSION = YES;
				CLANG_WARN_INT_CONVERSION = YES;
				CLANG_WARN_NON_LITERAL_NULL_CONVERSION = YES;
				CLANG_WARN_OBJC_IMPLICIT_RETAIN_SELF = YES;
				CLANG_WARN_OBJC_LITERAL_CONVERSION = YES;
				CLANG_WARN_OBJC_ROOT_CLASS = YES_ERROR;
				CLANG_WARN_RANGE_LOOP_ANALYSIS = YES;
				CLANG_WARN_STRICT_PROTOTYPES = YES;
				CLANG_WARN_SUSPICIOUS_MOVE = YES;
				CLANG_WARN_UNGUARDED_AVAILABILITY = YES_AGGRESSIVE;
				CLANG_WARN_UNREACHABLE_CODE = YES;
				CLANG_WARN__DUPLICATE_METHOD_MATCH = YES;
				COPY_PHASE_STRIP = NO;
				DEBUG_INFORMATION_FORMAT = "dwarf-with-dsym";
				ENABLE_NS_ASSERTIONS = NO;
				ENABLE_STRICT_OBJC_MSGSEND = YES;
				GCC_C_LANGUAGE_STANDARD = gnu11;
				GCC_NO_COMMON_BLOCKS = YES;
				GCC_WARN_64_TO_32_BIT_CONVERSION = YES;
				GCC_WARN_ABOUT_RETURN_TYPE = YES_ERROR;
				GCC_WARN_UNDECLARED_SELECTOR = YES;
				GCC_WARN_UNINITIALIZED_AUTOS = YES_AGGRESSIVE;
				GCC_WARN_UNUSED_FUNCTION = YES;
				GCC_WARN_UNUSED_VARIABLE = YES;
				IPHONEOS_DEPLOYMENT_TARGET = 13.0;
				MTL_ENABLE_DEBUG_INFO = NO;
				MTL_FAST_MATH = YES;
				SDKROOT = iphoneos;
				SWIFT_COMPILATION_MODE = wholemodule;
				SWIFT_OPTIMIZATION_LEVEL = "-O";
				VALIDATE_PRODUCT = YES;
			};
			name = Release;
		};
		521DA33222B2E59500DB5BBF /* Debug */ = {
			isa = XCBuildConfiguration;
			buildSettings = {
				ASSETCATALOG_COMPILER_APPICON_NAME = AppIcon;
				CODE_SIGN_STYLE = Automatic;
				DEVELOPMENT_ASSET_PATHS = "FluxusExampleApp/Preview\\ Content";
				DEVELOPMENT_TEAM = WX2UGCD2SK;
				ENABLE_PREVIEWS = YES;
				INFOPLIST_FILE = FluxusExampleApp/Info.plist;
				LD_RUNPATH_SEARCH_PATHS = (
					"$(inherited)",
					"@executable_path/Frameworks",
				);
				PRODUCT_BUNDLE_IDENTIFIER = net.johnsolo.FluxusExampleApp;
				PRODUCT_NAME = "$(TARGET_NAME)";
				SWIFT_VERSION = 5.0;
				TARGETED_DEVICE_FAMILY = "1,2";
			};
			name = Debug;
		};
		521DA33322B2E59500DB5BBF /* Release */ = {
			isa = XCBuildConfiguration;
			buildSettings = {
				ASSETCATALOG_COMPILER_APPICON_NAME = AppIcon;
				CODE_SIGN_STYLE = Automatic;
				DEVELOPMENT_ASSET_PATHS = "FluxusExampleApp/Preview\\ Content";
				DEVELOPMENT_TEAM = WX2UGCD2SK;
				ENABLE_PREVIEWS = YES;
				INFOPLIST_FILE = FluxusExampleApp/Info.plist;
				LD_RUNPATH_SEARCH_PATHS = (
					"$(inherited)",
					"@executable_path/Frameworks",
				);
				PRODUCT_BUNDLE_IDENTIFIER = net.johnsolo.FluxusExampleApp;
				PRODUCT_NAME = "$(TARGET_NAME)";
				SWIFT_VERSION = 5.0;
				TARGETED_DEVICE_FAMILY = "1,2";
			};
			name = Release;
		};
/* End XCBuildConfiguration section */

/* Begin XCConfigurationList section */
		521DA31822B2E59400DB5BBF /* Build configuration list for PBXProject "FluxusExampleApp" */ = {
			isa = XCConfigurationList;
			buildConfigurations = (
				521DA32F22B2E59500DB5BBF /* Debug */,
				521DA33022B2E59500DB5BBF /* Release */,
			);
			defaultConfigurationIsVisible = 0;
			defaultConfigurationName = Release;
		};
		521DA33122B2E59500DB5BBF /* Build configuration list for PBXNativeTarget "FluxusExampleApp" */ = {
			isa = XCConfigurationList;
			buildConfigurations = (
				521DA33222B2E59500DB5BBF /* Debug */,
				521DA33322B2E59500DB5BBF /* Release */,
			);
			defaultConfigurationIsVisible = 0;
			defaultConfigurationName = Release;
		};
/* End XCConfigurationList section */

/* Begin XCRemoteSwiftPackageReference section */
		521DA33E22B2E76B00DB5BBF /* XCRemoteSwiftPackageReference "fluxus" */ = {
			isa = XCRemoteSwiftPackageReference;
			repositoryURL = "https://github.com/johnsusek/fluxus";
			requirement = {
				branch = master;
				kind = branch;
			};
		};
/* End XCRemoteSwiftPackageReference section */

/* Begin XCSwiftPackageProductDependency section */
		521DA33F22B2E76B00DB5BBF /* Fluxus */ = {
			isa = XCSwiftPackageProductDependency;
			package = 521DA33E22B2E76B00DB5BBF /* XCRemoteSwiftPackageReference "fluxus" */;
			productName = Fluxus;
		};
/* End XCSwiftPackageProductDependency section */
	};
	rootObject = 521DA31522B2E59400DB5BBF /* Project object */;
}
